// !$*UTF8*$!
{
	archiveVersion = 1;
	classes = {
	};
	objectVersion = 50;
	objects = {

/* Begin PBXBuildFile section */
		9563EA7E21255901009348BD /* ScrapeExampleViewController.swift in Sources */ = {isa = PBXBuildFile; fileRef = 9563EA7D21255901009348BD /* ScrapeExampleViewController.swift */; };
		957F59B521258144005AC1C5 /* LandingViewController.swift in Sources */ = {isa = PBXBuildFile; fileRef = 957F59B421258144005AC1C5 /* LandingViewController.swift */; };
		957F59B721259DB7005AC1C5 /* HomeViewController.swift in Sources */ = {isa = PBXBuildFile; fileRef = 957F59B621259DB7005AC1C5 /* HomeViewController.swift */; };
		957F59BC2125B7E8005AC1C5 /* FindViewController.swift in Sources */ = {isa = PBXBuildFile; fileRef = 957F59BB2125B7E8005AC1C5 /* FindViewController.swift */; };
		957F59BE2125C3B6005AC1C5 /* QuizViewController.swift in Sources */ = {isa = PBXBuildFile; fileRef = 957F59BD2125C3B6005AC1C5 /* QuizViewController.swift */; };
		95AEE8A82136071A00359492 /* ChatViewController.swift in Sources */ = {isa = PBXBuildFile; fileRef = 95AEE8A72136071A00359492 /* ChatViewController.swift */; };
		95BBCB5E210D414C00047CD7 /* AppDelegate.swift in Sources */ = {isa = PBXBuildFile; fileRef = 95BBCB5D210D414C00047CD7 /* AppDelegate.swift */; };
		95BBCB60210D414C00047CD7 /* ViewController.swift in Sources */ = {isa = PBXBuildFile; fileRef = 95BBCB5F210D414C00047CD7 /* ViewController.swift */; };
		95BBCB63210D414C00047CD7 /* Main.storyboard in Resources */ = {isa = PBXBuildFile; fileRef = 95BBCB61210D414C00047CD7 /* Main.storyboard */; };
		95BBCB65210D414E00047CD7 /* Assets.xcassets in Resources */ = {isa = PBXBuildFile; fileRef = 95BBCB64210D414E00047CD7 /* Assets.xcassets */; };
		95BBCB68210D414E00047CD7 /* LaunchScreen.storyboard in Resources */ = {isa = PBXBuildFile; fileRef = 95BBCB66210D414E00047CD7 /* LaunchScreen.storyboard */; };
		95BBCB73210D414E00047CD7 /* FindInspoTests.swift in Sources */ = {isa = PBXBuildFile; fileRef = 95BBCB72210D414E00047CD7 /* FindInspoTests.swift */; };
		95BBCB7E210D414E00047CD7 /* FindInspoUITests.swift in Sources */ = {isa = PBXBuildFile; fileRef = 95BBCB7D210D414E00047CD7 /* FindInspoUITests.swift */; };
		95BBCB8C210D8D6900047CD7 /* Constants.swift in Sources */ = {isa = PBXBuildFile; fileRef = 95BBCB8B210D8D6900047CD7 /* Constants.swift */; };
		95BBCB8E210D8E7700047CD7 /* LoginViewController.swift in Sources */ = {isa = PBXBuildFile; fileRef = 95BBCB8D210D8E7700047CD7 /* LoginViewController.swift */; };
		95BBCB90210E541900047CD7 /* ExploreViewController.swift in Sources */ = {isa = PBXBuildFile; fileRef = 95BBCB8F210E541900047CD7 /* ExploreViewController.swift */; };
		95BBCB92210E59D700047CD7 /* GoogleService-Info.plist in Resources */ = {isa = PBXBuildFile; fileRef = 95BBCB91210E59D600047CD7 /* GoogleService-Info.plist */; };
		95BBCB94210E59E900047CD7 /* Podfile in Resources */ = {isa = PBXBuildFile; fileRef = 95BBCB93210E59E900047CD7 /* Podfile */; };
		95BBCB96210E5BE100047CD7 /* InputViewController.swift in Sources */ = {isa = PBXBuildFile; fileRef = 95BBCB95210E5BE100047CD7 /* InputViewController.swift */; };
		95BBCB98210E5E4000047CD7 /* Influencer.swift in Sources */ = {isa = PBXBuildFile; fileRef = 95BBCB97210E5E4000047CD7 /* Influencer.swift */; };
		95BBCB9A210EB4DA00047CD7 /* InstagramViewController.swift in Sources */ = {isa = PBXBuildFile; fileRef = 95BBCB99210EB4DA00047CD7 /* InstagramViewController.swift */; };
		95BBCB9C210EC83D00047CD7 /* CategoryTableViewCell.swift in Sources */ = {isa = PBXBuildFile; fileRef = 95BBCB9B210EC83D00047CD7 /* CategoryTableViewCell.swift */; };
		95BBCB9E210ECAF600047CD7 /* MatchViewController.swift in Sources */ = {isa = PBXBuildFile; fileRef = 95BBCB9D210ECAF600047CD7 /* MatchViewController.swift */; };
		95BBCBA0210ECEC100047CD7 /* CategoryViewController.swift in Sources */ = {isa = PBXBuildFile; fileRef = 95BBCB9F210ECEC100047CD7 /* CategoryViewController.swift */; };
		95BBCBA2210EE9AD00047CD7 /* InfluencerCollectionViewCell.swift in Sources */ = {isa = PBXBuildFile; fileRef = 95BBCBA1210EE9AD00047CD7 /* InfluencerCollectionViewCell.swift */; };
		CEF770245627989FB5EBFEAA /* Pods_FindInspo.framework in Frameworks */ = {isa = PBXBuildFile; fileRef = 3241494F99700BBD69FAB18B /* Pods_FindInspo.framework */; };
/* End PBXBuildFile section */

/* Begin PBXContainerItemProxy section */
		95BBCB6F210D414E00047CD7 /* PBXContainerItemProxy */ = {
			isa = PBXContainerItemProxy;
			containerPortal = 95BBCB52210D414C00047CD7 /* Project object */;
			proxyType = 1;
			remoteGlobalIDString = 95BBCB59210D414C00047CD7;
			remoteInfo = FindInspo;
		};
		95BBCB7A210D414E00047CD7 /* PBXContainerItemProxy */ = {
			isa = PBXContainerItemProxy;
			containerPortal = 95BBCB52210D414C00047CD7 /* Project object */;
			proxyType = 1;
			remoteGlobalIDString = 95BBCB59210D414C00047CD7;
			remoteInfo = FindInspo;
		};
/* End PBXContainerItemProxy section */

/* Begin PBXFileReference section */
		3241494F99700BBD69FAB18B /* Pods_FindInspo.framework */ = {isa = PBXFileReference; explicitFileType = wrapper.framework; includeInIndex = 0; path = Pods_FindInspo.framework; sourceTree = BUILT_PRODUCTS_DIR; };
		54AD1275CA2140E00EA61B0A /* Pods-FindInspo.debug.xcconfig */ = {isa = PBXFileReference; includeInIndex = 1; lastKnownFileType = text.xcconfig; name = "Pods-FindInspo.debug.xcconfig"; path = "Pods/Target Support Files/Pods-FindInspo/Pods-FindInspo.debug.xcconfig"; sourceTree = "<group>"; };
		566316325BE01AF7631468C7 /* Pods-FindInspo.release.xcconfig */ = {isa = PBXFileReference; includeInIndex = 1; lastKnownFileType = text.xcconfig; name = "Pods-FindInspo.release.xcconfig"; path = "Pods/Target Support Files/Pods-FindInspo/Pods-FindInspo.release.xcconfig"; sourceTree = "<group>"; };
		9563EA7D21255901009348BD /* ScrapeExampleViewController.swift */ = {isa = PBXFileReference; lastKnownFileType = sourcecode.swift; path = ScrapeExampleViewController.swift; sourceTree = "<group>"; };
		957F59B421258144005AC1C5 /* LandingViewController.swift */ = {isa = PBXFileReference; lastKnownFileType = sourcecode.swift; path = LandingViewController.swift; sourceTree = "<group>"; };
		957F59B621259DB7005AC1C5 /* HomeViewController.swift */ = {isa = PBXFileReference; lastKnownFileType = sourcecode.swift; path = HomeViewController.swift; sourceTree = "<group>"; };
		957F59BB2125B7E8005AC1C5 /* FindViewController.swift */ = {isa = PBXFileReference; lastKnownFileType = sourcecode.swift; path = FindViewController.swift; sourceTree = "<group>"; };
		957F59BD2125C3B6005AC1C5 /* QuizViewController.swift */ = {isa = PBXFileReference; lastKnownFileType = sourcecode.swift; path = QuizViewController.swift; sourceTree = "<group>"; };
		95AEE8A72136071A00359492 /* ChatViewController.swift */ = {isa = PBXFileReference; lastKnownFileType = sourcecode.swift; path = ChatViewController.swift; sourceTree = "<group>"; };
		95BBCB5A210D414C00047CD7 /* FindInspo.app */ = {isa = PBXFileReference; explicitFileType = wrapper.application; includeInIndex = 0; path = FindInspo.app; sourceTree = BUILT_PRODUCTS_DIR; };
		95BBCB5D210D414C00047CD7 /* AppDelegate.swift */ = {isa = PBXFileReference; lastKnownFileType = sourcecode.swift; path = AppDelegate.swift; sourceTree = "<group>"; };
		95BBCB5F210D414C00047CD7 /* ViewController.swift */ = {isa = PBXFileReference; lastKnownFileType = sourcecode.swift; path = ViewController.swift; sourceTree = "<group>"; };
		95BBCB62210D414C00047CD7 /* Base */ = {isa = PBXFileReference; lastKnownFileType = file.storyboard; name = Base; path = Base.lproj/Main.storyboard; sourceTree = "<group>"; };
		95BBCB64210D414E00047CD7 /* Assets.xcassets */ = {isa = PBXFileReference; lastKnownFileType = folder.assetcatalog; path = Assets.xcassets; sourceTree = "<group>"; };
		95BBCB67210D414E00047CD7 /* Base */ = {isa = PBXFileReference; lastKnownFileType = file.storyboard; name = Base; path = Base.lproj/LaunchScreen.storyboard; sourceTree = "<group>"; };
		95BBCB69210D414E00047CD7 /* Info.plist */ = {isa = PBXFileReference; lastKnownFileType = text.plist.xml; path = Info.plist; sourceTree = "<group>"; };
		95BBCB6E210D414E00047CD7 /* FindInspoTests.xctest */ = {isa = PBXFileReference; explicitFileType = wrapper.cfbundle; includeInIndex = 0; path = FindInspoTests.xctest; sourceTree = BUILT_PRODUCTS_DIR; };
		95BBCB72210D414E00047CD7 /* FindInspoTests.swift */ = {isa = PBXFileReference; lastKnownFileType = sourcecode.swift; path = FindInspoTests.swift; sourceTree = "<group>"; };
		95BBCB74210D414E00047CD7 /* Info.plist */ = {isa = PBXFileReference; lastKnownFileType = text.plist.xml; path = Info.plist; sourceTree = "<group>"; };
		95BBCB79210D414E00047CD7 /* FindInspoUITests.xctest */ = {isa = PBXFileReference; explicitFileType = wrapper.cfbundle; includeInIndex = 0; path = FindInspoUITests.xctest; sourceTree = BUILT_PRODUCTS_DIR; };
		95BBCB7D210D414E00047CD7 /* FindInspoUITests.swift */ = {isa = PBXFileReference; lastKnownFileType = sourcecode.swift; path = FindInspoUITests.swift; sourceTree = "<group>"; };
		95BBCB7F210D414E00047CD7 /* Info.plist */ = {isa = PBXFileReference; lastKnownFileType = text.plist.xml; path = Info.plist; sourceTree = "<group>"; };
		95BBCB8B210D8D6900047CD7 /* Constants.swift */ = {isa = PBXFileReference; lastKnownFileType = sourcecode.swift; path = Constants.swift; sourceTree = "<group>"; };
		95BBCB8D210D8E7700047CD7 /* LoginViewController.swift */ = {isa = PBXFileReference; lastKnownFileType = sourcecode.swift; path = LoginViewController.swift; sourceTree = "<group>"; };
		95BBCB8F210E541900047CD7 /* ExploreViewController.swift */ = {isa = PBXFileReference; lastKnownFileType = sourcecode.swift; path = ExploreViewController.swift; sourceTree = "<group>"; };
		95BBCB91210E59D600047CD7 /* GoogleService-Info.plist */ = {isa = PBXFileReference; fileEncoding = 4; lastKnownFileType = text.plist.xml; path = "GoogleService-Info.plist"; sourceTree = SOURCE_ROOT; };
		95BBCB93210E59E900047CD7 /* Podfile */ = {isa = PBXFileReference; lastKnownFileType = text; path = Podfile; sourceTree = "<group>"; xcLanguageSpecificationIdentifier = xcode.lang.ruby; };
		95BBCB95210E5BE100047CD7 /* InputViewController.swift */ = {isa = PBXFileReference; lastKnownFileType = sourcecode.swift; path = InputViewController.swift; sourceTree = "<group>"; };
		95BBCB97210E5E4000047CD7 /* Influencer.swift */ = {isa = PBXFileReference; lastKnownFileType = sourcecode.swift; path = Influencer.swift; sourceTree = "<group>"; };
		95BBCB99210EB4DA00047CD7 /* InstagramViewController.swift */ = {isa = PBXFileReference; lastKnownFileType = sourcecode.swift; path = InstagramViewController.swift; sourceTree = "<group>"; };
		95BBCB9B210EC83D00047CD7 /* CategoryTableViewCell.swift */ = {isa = PBXFileReference; lastKnownFileType = sourcecode.swift; path = CategoryTableViewCell.swift; sourceTree = "<group>"; };
		95BBCB9D210ECAF600047CD7 /* MatchViewController.swift */ = {isa = PBXFileReference; lastKnownFileType = sourcecode.swift; path = MatchViewController.swift; sourceTree = "<group>"; };
		95BBCB9F210ECEC100047CD7 /* CategoryViewController.swift */ = {isa = PBXFileReference; lastKnownFileType = sourcecode.swift; path = CategoryViewController.swift; sourceTree = "<group>"; };
		95BBCBA1210EE9AD00047CD7 /* InfluencerCollectionViewCell.swift */ = {isa = PBXFileReference; lastKnownFileType = sourcecode.swift; path = InfluencerCollectionViewCell.swift; sourceTree = "<group>"; };
/* End PBXFileReference section */

/* Begin PBXFrameworksBuildPhase section */
		95BBCB57210D414C00047CD7 /* Frameworks */ = {
			isa = PBXFrameworksBuildPhase;
			buildActionMask = 2147483647;
			files = (
				CEF770245627989FB5EBFEAA /* Pods_FindInspo.framework in Frameworks */,
			);
			runOnlyForDeploymentPostprocessing = 0;
		};
		95BBCB6B210D414E00047CD7 /* Frameworks */ = {
			isa = PBXFrameworksBuildPhase;
			buildActionMask = 2147483647;
			files = (
			);
			runOnlyForDeploymentPostprocessing = 0;
		};
		95BBCB76210D414E00047CD7 /* Frameworks */ = {
			isa = PBXFrameworksBuildPhase;
			buildActionMask = 2147483647;
			files = (
			);
			runOnlyForDeploymentPostprocessing = 0;
		};
/* End PBXFrameworksBuildPhase section */

/* Begin PBXGroup section */
		1C89DF730B02F7ED6897FA5D /* Frameworks */ = {
			isa = PBXGroup;
			children = (
				3241494F99700BBD69FAB18B /* Pods_FindInspo.framework */,
			);
			name = Frameworks;
			sourceTree = "<group>";
		};
		95BBCB51210D414C00047CD7 = {
			isa = PBXGroup;
			children = (
				95BBCB93210E59E900047CD7 /* Podfile */,
				95BBCB5C210D414C00047CD7 /* FindInspo */,
				95BBCB71210D414E00047CD7 /* FindInspoTests */,
				95BBCB7C210D414E00047CD7 /* FindInspoUITests */,
				95BBCB5B210D414C00047CD7 /* Products */,
				B3490A9635C7982EBA167F41 /* Pods */,
				1C89DF730B02F7ED6897FA5D /* Frameworks */,
			);
			sourceTree = "<group>";
		};
		95BBCB5B210D414C00047CD7 /* Products */ = {
			isa = PBXGroup;
			children = (
				95BBCB5A210D414C00047CD7 /* FindInspo.app */,
				95BBCB6E210D414E00047CD7 /* FindInspoTests.xctest */,
				95BBCB79210D414E00047CD7 /* FindInspoUITests.xctest */,
			);
			name = Products;
			sourceTree = "<group>";
		};
		95BBCB5C210D414C00047CD7 /* FindInspo */ = {
			isa = PBXGroup;
			children = (
				95BBCB5D210D414C00047CD7 /* AppDelegate.swift */,
				95BBCB5F210D414C00047CD7 /* ViewController.swift */,
				95BBCB61210D414C00047CD7 /* Main.storyboard */,
				95BBCB64210D414E00047CD7 /* Assets.xcassets */,
				95BBCB66210D414E00047CD7 /* LaunchScreen.storyboard */,
				95BBCB69210D414E00047CD7 /* Info.plist */,
				95BBCB8B210D8D6900047CD7 /* Constants.swift */,
				95BBCB91210E59D600047CD7 /* GoogleService-Info.plist */,
				95BBCB8D210D8E7700047CD7 /* LoginViewController.swift */,
				95BBCB8F210E541900047CD7 /* ExploreViewController.swift */,
				95BBCB95210E5BE100047CD7 /* InputViewController.swift */,
				95BBCB97210E5E4000047CD7 /* Influencer.swift */,
				95BBCB99210EB4DA00047CD7 /* InstagramViewController.swift */,
				95BBCB9B210EC83D00047CD7 /* CategoryTableViewCell.swift */,
				95BBCB9D210ECAF600047CD7 /* MatchViewController.swift */,
				95BBCB9F210ECEC100047CD7 /* CategoryViewController.swift */,
				95BBCBA1210EE9AD00047CD7 /* InfluencerCollectionViewCell.swift */,
				9563EA7D21255901009348BD /* ScrapeExampleViewController.swift */,
				957F59B421258144005AC1C5 /* LandingViewController.swift */,
				957F59B621259DB7005AC1C5 /* HomeViewController.swift */,
				957F59BB2125B7E8005AC1C5 /* FindViewController.swift */,
				957F59BD2125C3B6005AC1C5 /* QuizViewController.swift */,
				95AEE8A72136071A00359492 /* ChatViewController.swift */,
			);
			path = FindInspo;
			sourceTree = "<group>";
		};
		95BBCB71210D414E00047CD7 /* FindInspoTests */ = {
			isa = PBXGroup;
			children = (
				95BBCB72210D414E00047CD7 /* FindInspoTests.swift */,
				95BBCB74210D414E00047CD7 /* Info.plist */,
			);
			path = FindInspoTests;
			sourceTree = "<group>";
		};
		95BBCB7C210D414E00047CD7 /* FindInspoUITests */ = {
			isa = PBXGroup;
			children = (
				95BBCB7D210D414E00047CD7 /* FindInspoUITests.swift */,
				95BBCB7F210D414E00047CD7 /* Info.plist */,
			);
			path = FindInspoUITests;
			sourceTree = "<group>";
		};
		B3490A9635C7982EBA167F41 /* Pods */ = {
			isa = PBXGroup;
			children = (
				54AD1275CA2140E00EA61B0A /* Pods-FindInspo.debug.xcconfig */,
				566316325BE01AF7631468C7 /* Pods-FindInspo.release.xcconfig */,
			);
			name = Pods;
			sourceTree = "<group>";
		};
/* End PBXGroup section */

/* Begin PBXNativeTarget section */
		95BBCB59210D414C00047CD7 /* FindInspo */ = {
			isa = PBXNativeTarget;
			buildConfigurationList = 95BBCB82210D414E00047CD7 /* Build configuration list for PBXNativeTarget "FindInspo" */;
			buildPhases = (
				AFE800E4B2DDBD82A7F1D11E /* [CP] Check Pods Manifest.lock */,
				95BBCB56210D414C00047CD7 /* Sources */,
				95BBCB57210D414C00047CD7 /* Frameworks */,
				95BBCB58210D414C00047CD7 /* Resources */,
				349DFE683B6461E8BAF97E3A /* [CP] Embed Pods Frameworks */,
				D6D44DE30E2F7214EEC0470C /* [CP] Copy Pods Resources */,
			);
			buildRules = (
			);
			dependencies = (
			);
			name = FindInspo;
			productName = FindInspo;
			productReference = 95BBCB5A210D414C00047CD7 /* FindInspo.app */;
			productType = "com.apple.product-type.application";
		};
		95BBCB6D210D414E00047CD7 /* FindInspoTests */ = {
			isa = PBXNativeTarget;
			buildConfigurationList = 95BBCB85210D414E00047CD7 /* Build configuration list for PBXNativeTarget "FindInspoTests" */;
			buildPhases = (
				95BBCB6A210D414E00047CD7 /* Sources */,
				95BBCB6B210D414E00047CD7 /* Frameworks */,
				95BBCB6C210D414E00047CD7 /* Resources */,
			);
			buildRules = (
			);
			dependencies = (
				95BBCB70210D414E00047CD7 /* PBXTargetDependency */,
			);
			name = FindInspoTests;
			productName = FindInspoTests;
			productReference = 95BBCB6E210D414E00047CD7 /* FindInspoTests.xctest */;
			productType = "com.apple.product-type.bundle.unit-test";
		};
		95BBCB78210D414E00047CD7 /* FindInspoUITests */ = {
			isa = PBXNativeTarget;
			buildConfigurationList = 95BBCB88210D414E00047CD7 /* Build configuration list for PBXNativeTarget "FindInspoUITests" */;
			buildPhases = (
				95BBCB75210D414E00047CD7 /* Sources */,
				95BBCB76210D414E00047CD7 /* Frameworks */,
				95BBCB77210D414E00047CD7 /* Resources */,
			);
			buildRules = (
			);
			dependencies = (
				95BBCB7B210D414E00047CD7 /* PBXTargetDependency */,
			);
			name = FindInspoUITests;
			productName = FindInspoUITests;
			productReference = 95BBCB79210D414E00047CD7 /* FindInspoUITests.xctest */;
			productType = "com.apple.product-type.bundle.ui-testing";
		};
/* End PBXNativeTarget section */

/* Begin PBXProject section */
		95BBCB52210D414C00047CD7 /* Project object */ = {
			isa = PBXProject;
			attributes = {
				LastSwiftUpdateCheck = 0940;
				LastUpgradeCheck = 0940;
				ORGANIZATIONNAME = "Don Sirivat";
				TargetAttributes = {
					95BBCB59210D414C00047CD7 = {
						CreatedOnToolsVersion = 9.4.1;
					};
					95BBCB6D210D414E00047CD7 = {
						CreatedOnToolsVersion = 9.4.1;
						TestTargetID = 95BBCB59210D414C00047CD7;
					};
					95BBCB78210D414E00047CD7 = {
						CreatedOnToolsVersion = 9.4.1;
						TestTargetID = 95BBCB59210D414C00047CD7;
					};
				};
			};
			buildConfigurationList = 95BBCB55210D414C00047CD7 /* Build configuration list for PBXProject "FindInspo" */;
			compatibilityVersion = "Xcode 9.3";
			developmentRegion = en;
			hasScannedForEncodings = 0;
			knownRegions = (
				en,
				Base,
			);
			mainGroup = 95BBCB51210D414C00047CD7;
			productRefGroup = 95BBCB5B210D414C00047CD7 /* Products */;
			projectDirPath = "";
			projectRoot = "";
			targets = (
				95BBCB59210D414C00047CD7 /* FindInspo */,
				95BBCB6D210D414E00047CD7 /* FindInspoTests */,
				95BBCB78210D414E00047CD7 /* FindInspoUITests */,
			);
		};
/* End PBXProject section */

/* Begin PBXResourcesBuildPhase section */
		95BBCB58210D414C00047CD7 /* Resources */ = {
			isa = PBXResourcesBuildPhase;
			buildActionMask = 2147483647;
			files = (
				95BBCB94210E59E900047CD7 /* Podfile in Resources */,
				95BBCB68210D414E00047CD7 /* LaunchScreen.storyboard in Resources */,
				95BBCB92210E59D700047CD7 /* GoogleService-Info.plist in Resources */,
				95BBCB65210D414E00047CD7 /* Assets.xcassets in Resources */,
				95BBCB63210D414C00047CD7 /* Main.storyboard in Resources */,
			);
			runOnlyForDeploymentPostprocessing = 0;
		};
		95BBCB6C210D414E00047CD7 /* Resources */ = {
			isa = PBXResourcesBuildPhase;
			buildActionMask = 2147483647;
			files = (
			);
			runOnlyForDeploymentPostprocessing = 0;
		};
		95BBCB77210D414E00047CD7 /* Resources */ = {
			isa = PBXResourcesBuildPhase;
			buildActionMask = 2147483647;
			files = (
			);
			runOnlyForDeploymentPostprocessing = 0;
		};
/* End PBXResourcesBuildPhase section */

/* Begin PBXShellScriptBuildPhase section */
		349DFE683B6461E8BAF97E3A /* [CP] Embed Pods Frameworks */ = {
			isa = PBXShellScriptBuildPhase;
			buildActionMask = 2147483647;
			files = (
			);
			inputPaths = (
				"${SRCROOT}/Pods/Target Support Files/Pods-FindInspo/Pods-FindInspo-frameworks.sh",
				"${BUILT_PRODUCTS_DIR}/AMDots/AMDots.framework",
				"${BUILT_PRODUCTS_DIR}/Alamofire/Alamofire.framework",
				"${BUILT_PRODUCTS_DIR}/CTSlidingUpPanel/CTSlidingUpPanel.framework",
				"${BUILT_PRODUCTS_DIR}/GTMSessionFetcher/GTMSessionFetcher.framework",
				"${BUILT_PRODUCTS_DIR}/GoogleUtilities/GoogleUtilities.framework",
				"${BUILT_PRODUCTS_DIR}/InstagramLogin/InstagramLogin.framework",
				"${BUILT_PRODUCTS_DIR}/JSQMessagesViewController/JSQMessagesViewController.framework",
				"${BUILT_PRODUCTS_DIR}/JSQSystemSoundPlayer/JSQSystemSoundPlayer.framework",
				"${BUILT_PRODUCTS_DIR}/Kanna/Kanna.framework",
				"${BUILT_PRODUCTS_DIR}/SSSpinnerButton/SSSpinnerButton.framework",
				"${BUILT_PRODUCTS_DIR}/leveldb-library/leveldb.framework",
				"${BUILT_PRODUCTS_DIR}/nanopb/nanopb.framework",
			);
			name = "[CP] Embed Pods Frameworks";
			outputPaths = (
				"${TARGET_BUILD_DIR}/${FRAMEWORKS_FOLDER_PATH}/AMDots.framework",
				"${TARGET_BUILD_DIR}/${FRAMEWORKS_FOLDER_PATH}/Alamofire.framework",
				"${TARGET_BUILD_DIR}/${FRAMEWORKS_FOLDER_PATH}/CTSlidingUpPanel.framework",
				"${TARGET_BUILD_DIR}/${FRAMEWORKS_FOLDER_PATH}/GTMSessionFetcher.framework",
				"${TARGET_BUILD_DIR}/${FRAMEWORKS_FOLDER_PATH}/GoogleUtilities.framework",
				"${TARGET_BUILD_DIR}/${FRAMEWORKS_FOLDER_PATH}/InstagramLogin.framework",
				"${TARGET_BUILD_DIR}/${FRAMEWORKS_FOLDER_PATH}/JSQMessagesViewController.framework",
				"${TARGET_BUILD_DIR}/${FRAMEWORKS_FOLDER_PATH}/JSQSystemSoundPlayer.framework",
				"${TARGET_BUILD_DIR}/${FRAMEWORKS_FOLDER_PATH}/Kanna.framework",
				"${TARGET_BUILD_DIR}/${FRAMEWORKS_FOLDER_PATH}/SSSpinnerButton.framework",
				"${TARGET_BUILD_DIR}/${FRAMEWORKS_FOLDER_PATH}/leveldb.framework",
				"${TARGET_BUILD_DIR}/${FRAMEWORKS_FOLDER_PATH}/nanopb.framework",
			);
			runOnlyForDeploymentPostprocessing = 0;
			shellPath = /bin/sh;
			shellScript = "\"${SRCROOT}/Pods/Target Support Files/Pods-FindInspo/Pods-FindInspo-frameworks.sh\"\n";
			showEnvVarsInLog = 0;
		};
		AFE800E4B2DDBD82A7F1D11E /* [CP] Check Pods Manifest.lock */ = {
			isa = PBXShellScriptBuildPhase;
			buildActionMask = 2147483647;
			files = (
			);
			inputPaths = (
				"${PODS_PODFILE_DIR_PATH}/Podfile.lock",
				"${PODS_ROOT}/Manifest.lock",
			);
			name = "[CP] Check Pods Manifest.lock";
			outputPaths = (
				"$(DERIVED_FILE_DIR)/Pods-FindInspo-checkManifestLockResult.txt",
			);
			runOnlyForDeploymentPostprocessing = 0;
			shellPath = /bin/sh;
			shellScript = "diff \"${PODS_PODFILE_DIR_PATH}/Podfile.lock\" \"${PODS_ROOT}/Manifest.lock\" > /dev/null\nif [ $? != 0 ] ; then\n    # print error to STDERR\n    echo \"error: The sandbox is not in sync with the Podfile.lock. Run 'pod install' or update your CocoaPods installation.\" >&2\n    exit 1\nfi\n# This output is used by Xcode 'outputs' to avoid re-running this script phase.\necho \"SUCCESS\" > \"${SCRIPT_OUTPUT_FILE_0}\"\n";
			showEnvVarsInLog = 0;
		};
		D6D44DE30E2F7214EEC0470C /* [CP] Copy Pods Resources */ = {
			isa = PBXShellScriptBuildPhase;
			buildActionMask = 2147483647;
			files = (
			);
			inputPaths = (
			);
			name = "[CP] Copy Pods Resources";
			outputPaths = (
			);
			runOnlyForDeploymentPostprocessing = 0;
			shellPath = /bin/sh;
			shellScript = "\"${SRCROOT}/Pods/Target Support Files/Pods-FindInspo/Pods-FindInspo-resources.sh\"\n";
			showEnvVarsInLog = 0;
		};
/* End PBXShellScriptBuildPhase section */

/* Begin PBXSourcesBuildPhase section */
		95BBCB56210D414C00047CD7 /* Sources */ = {
			isa = PBXSourcesBuildPhase;
			buildActionMask = 2147483647;
			files = (
				95BBCB8E210D8E7700047CD7 /* LoginViewController.swift in Sources */,
				95BBCB60210D414C00047CD7 /* ViewController.swift in Sources */,
				9563EA7E21255901009348BD /* ScrapeExampleViewController.swift in Sources */,
				95BBCB90210E541900047CD7 /* ExploreViewController.swift in Sources */,
				957F59BC2125B7E8005AC1C5 /* FindViewController.swift in Sources */,
				95BBCB96210E5BE100047CD7 /* InputViewController.swift in Sources */,
				957F59B721259DB7005AC1C5 /* HomeViewController.swift in Sources */,
				95BBCB9E210ECAF600047CD7 /* MatchViewController.swift in Sources */,
				95BBCB5E210D414C00047CD7 /* AppDelegate.swift in Sources */,
				95BBCB9A210EB4DA00047CD7 /* InstagramViewController.swift in Sources */,
				957F59B521258144005AC1C5 /* LandingViewController.swift in Sources */,
				95BBCBA2210EE9AD00047CD7 /* InfluencerCollectionViewCell.swift in Sources */,
				95BBCB98210E5E4000047CD7 /* Influencer.swift in Sources */,
				95BBCB8C210D8D6900047CD7 /* Constants.swift in Sources */,
				95BBCBA0210ECEC100047CD7 /* CategoryViewController.swift in Sources */,
				957F59BE2125C3B6005AC1C5 /* QuizViewController.swift in Sources */,
				95AEE8A82136071A00359492 /* ChatViewController.swift in Sources */,
				95BBCB9C210EC83D00047CD7 /* CategoryTableViewCell.swift in Sources */,
			);
			runOnlyForDeploymentPostprocessing = 0;
		};
		95BBCB6A210D414E00047CD7 /* Sources */ = {
			isa = PBXSourcesBuildPhase;
			buildActionMask = 2147483647;
			files = (
				95BBCB73210D414E00047CD7 /* FindInspoTests.swift in Sources */,
			);
			runOnlyForDeploymentPostprocessing = 0;
		};
		95BBCB75210D414E00047CD7 /* Sources */ = {
			isa = PBXSourcesBuildPhase;
			buildActionMask = 2147483647;
			files = (
				95BBCB7E210D414E00047CD7 /* FindInspoUITests.swift in Sources */,
			);
			runOnlyForDeploymentPostprocessing = 0;
		};
/* End PBXSourcesBuildPhase section */

/* Begin PBXTargetDependency section */
		95BBCB70210D414E00047CD7 /* PBXTargetDependency */ = {
			isa = PBXTargetDependency;
			target = 95BBCB59210D414C00047CD7 /* FindInspo */;
			targetProxy = 95BBCB6F210D414E00047CD7 /* PBXContainerItemProxy */;
		};
		95BBCB7B210D414E00047CD7 /* PBXTargetDependency */ = {
			isa = PBXTargetDependency;
			target = 95BBCB59210D414C00047CD7 /* FindInspo */;
			targetProxy = 95BBCB7A210D414E00047CD7 /* PBXContainerItemProxy */;
		};
/* End PBXTargetDependency section */

/* Begin PBXVariantGroup section */
		95BBCB61210D414C00047CD7 /* Main.storyboard */ = {
			isa = PBXVariantGroup;
			children = (
				95BBCB62210D414C00047CD7 /* Base */,
			);
			name = Main.storyboard;
			sourceTree = "<group>";
		};
		95BBCB66210D414E00047CD7 /* LaunchScreen.storyboard */ = {
			isa = PBXVariantGroup;
			children = (
				95BBCB67210D414E00047CD7 /* Base */,
			);
			name = LaunchScreen.storyboard;
			sourceTree = "<group>";
		};
/* End PBXVariantGroup section */

/* Begin XCBuildConfiguration section */
		95BBCB80210D414E00047CD7 /* Debug */ = {
			isa = XCBuildConfiguration;
			buildSettings = {
				ALWAYS_SEARCH_USER_PATHS = NO;
				CLANG_ANALYZER_NONNULL = YES;
				CLANG_ANALYZER_NUMBER_OBJECT_CONVERSION = YES_AGGRESSIVE;
				CLANG_CXX_LANGUAGE_STANDARD = "gnu++14";
				CLANG_CXX_LIBRARY = "libc++";
				CLANG_ENABLE_MODULES = YES;
				CLANG_ENABLE_OBJC_ARC = YES;
				CLANG_ENABLE_OBJC_WEAK = YES;
				CLANG_WARN_BLOCK_CAPTURE_AUTORELEASING = YES;
				CLANG_WARN_BOOL_CONVERSION = YES;
				CLANG_WARN_COMMA = YES;
				CLANG_WARN_CONSTANT_CONVERSION = YES;
				CLANG_WARN_DEPRECATED_OBJC_IMPLEMENTATIONS = YES;
				CLANG_WARN_DIRECT_OBJC_ISA_USAGE = YES_ERROR;
				CLANG_WARN_DOCUMENTATION_COMMENTS = YES;
				CLANG_WARN_EMPTY_BODY = YES;
				CLANG_WARN_ENUM_CONVERSION = YES;
				CLANG_WARN_INFINITE_RECURSION = YES;
				CLANG_WARN_INT_CONVERSION = YES;
				CLANG_WARN_NON_LITERAL_NULL_CONVERSION = YES;
				CLANG_WARN_OBJC_IMPLICIT_RETAIN_SELF = YES;
				CLANG_WARN_OBJC_LITERAL_CONVERSION = YES;
				CLANG_WARN_OBJC_ROOT_CLASS = YES_ERROR;
				CLANG_WARN_RANGE_LOOP_ANALYSIS = YES;
				CLANG_WARN_STRICT_PROTOTYPES = YES;
				CLANG_WARN_SUSPICIOUS_MOVE = YES;
				CLANG_WARN_UNGUARDED_AVAILABILITY = YES_AGGRESSIVE;
				CLANG_WARN_UNREACHABLE_CODE = YES;
				CLANG_WARN__DUPLICATE_METHOD_MATCH = YES;
				CODE_SIGN_IDENTITY = "iPhone Developer";
				COPY_PHASE_STRIP = NO;
				DEBUG_INFORMATION_FORMAT = dwarf;
				ENABLE_STRICT_OBJC_MSGSEND = YES;
				ENABLE_TESTABILITY = YES;
				GCC_C_LANGUAGE_STANDARD = gnu11;
				GCC_DYNAMIC_NO_PIC = NO;
				GCC_NO_COMMON_BLOCKS = YES;
				GCC_OPTIMIZATION_LEVEL = 0;
				GCC_PREPROCESSOR_DEFINITIONS = (
					"DEBUG=1",
					"$(inherited)",
				);
				GCC_WARN_64_TO_32_BIT_CONVERSION = YES;
				GCC_WARN_ABOUT_RETURN_TYPE = YES_ERROR;
				GCC_WARN_UNDECLARED_SELECTOR = YES;
				GCC_WARN_UNINITIALIZED_AUTOS = YES_AGGRESSIVE;
				GCC_WARN_UNUSED_FUNCTION = YES;
				GCC_WARN_UNUSED_VARIABLE = YES;
				IPHONEOS_DEPLOYMENT_TARGET = 11.4;
				MTL_ENABLE_DEBUG_INFO = YES;
				ONLY_ACTIVE_ARCH = YES;
				SDKROOT = iphoneos;
				SWIFT_ACTIVE_COMPILATION_CONDITIONS = DEBUG;
				SWIFT_OPTIMIZATION_LEVEL = "-Onone";
			};
			name = Debug;
		};
		95BBCB81210D414E00047CD7 /* Release */ = {
			isa = XCBuildConfiguration;
			buildSettings = {
				ALWAYS_SEARCH_USER_PATHS = NO;
				CLANG_ANALYZER_NONNULL = YES;
				CLANG_ANALYZER_NUMBER_OBJECT_CONVERSION = YES_AGGRESSIVE;
				CLANG_CXX_LANGUAGE_STANDARD = "gnu++14";
				CLANG_CXX_LIBRARY = "libc++";
				CLANG_ENABLE_MODULES = YES;
				CLANG_ENABLE_OBJC_ARC = YES;
				CLANG_ENABLE_OBJC_WEAK = YES;
				CLANG_WARN_BLOCK_CAPTURE_AUTORELEASING = YES;
				CLANG_WARN_BOOL_CONVERSION = YES;
				CLANG_WARN_COMMA = YES;
				CLANG_WARN_CONSTANT_CONVERSION = YES;
				CLANG_WARN_DEPRECATED_OBJC_IMPLEMENTATIONS = YES;
				CLANG_WARN_DIRECT_OBJC_ISA_USAGE = YES_ERROR;
				CLANG_WARN_DOCUMENTATION_COMMENTS = YES;
				CLANG_WARN_EMPTY_BODY = YES;
				CLANG_WARN_ENUM_CONVERSION = YES;
				CLANG_WARN_INFINITE_RECURSION = YES;
				CLANG_WARN_INT_CONVERSION = YES;
				CLANG_WARN_NON_LITERAL_NULL_CONVERSION = YES;
				CLANG_WARN_OBJC_IMPLICIT_RETAIN_SELF = YES;
				CLANG_WARN_OBJC_LITERAL_CONVERSION = YES;
				CLANG_WARN_OBJC_ROOT_CLASS = YES_ERROR;
				CLANG_WARN_RANGE_LOOP_ANALYSIS = YES;
				CLANG_WARN_STRICT_PROTOTYPES = YES;
				CLANG_WARN_SUSPICIOUS_MOVE = YES;
				CLANG_WARN_UNGUARDED_AVAILABILITY = YES_AGGRESSIVE;
				CLANG_WARN_UNREACHABLE_CODE = YES;
				CLANG_WARN__DUPLICATE_METHOD_MATCH = YES;
				CODE_SIGN_IDENTITY = "iPhone Developer";
				COPY_PHASE_STRIP = NO;
				DEBUG_INFORMATION_FORMAT = "dwarf-with-dsym";
				ENABLE_NS_ASSERTIONS = NO;
				ENABLE_STRICT_OBJC_MSGSEND = YES;
				GCC_C_LANGUAGE_STANDARD = gnu11;
				GCC_NO_COMMON_BLOCKS = YES;
				GCC_WARN_64_TO_32_BIT_CONVERSION = YES;
				GCC_WARN_ABOUT_RETURN_TYPE = YES_ERROR;
				GCC_WARN_UNDECLARED_SELECTOR = YES;
				GCC_WARN_UNINITIALIZED_AUTOS = YES_AGGRESSIVE;
				GCC_WARN_UNUSED_FUNCTION = YES;
				GCC_WARN_UNUSED_VARIABLE = YES;
				IPHONEOS_DEPLOYMENT_TARGET = 11.4;
				MTL_ENABLE_DEBUG_INFO = NO;
				SDKROOT = iphoneos;
				SWIFT_COMPILATION_MODE = wholemodule;
				SWIFT_OPTIMIZATION_LEVEL = "-O";
				VALIDATE_PRODUCT = YES;
			};
			name = Release;
		};
		95BBCB83210D414E00047CD7 /* Debug */ = {
			isa = XCBuildConfiguration;
			baseConfigurationReference = 54AD1275CA2140E00EA61B0A /* Pods-FindInspo.debug.xcconfig */;
			buildSettings = {
				ASSETCATALOG_COMPILER_APPICON_NAME = AppIcon;
				CODE_SIGN_STYLE = Automatic;
				DEVELOPMENT_TEAM = 7BWJ7S75KT;
				INFOPLIST_FILE = FindInspo/Info.plist;
				LD_RUNPATH_SEARCH_PATHS = (
					"$(inherited)",
					"@executable_path/Frameworks",
				);
				PRODUCT_BUNDLE_IDENTIFIER = com.donsirivat.FindInspo;
				PRODUCT_NAME = "$(TARGET_NAME)";
				SWIFT_VERSION = 4.0;
				TARGETED_DEVICE_FAMILY = "1,2";
			};
			name = Debug;
		};
		95BBCB84210D414E00047CD7 /* Release */ = {
			isa = XCBuildConfiguration;
			baseConfigurationReference = 566316325BE01AF7631468C7 /* Pods-FindInspo.release.xcconfig */;
			buildSettings = {
				ASSETCATALOG_COMPILER_APPICON_NAME = AppIcon;
				CODE_SIGN_STYLE = Automatic;
				DEVELOPMENT_TEAM = 7BWJ7S75KT;
				INFOPLIST_FILE = FindInspo/Info.plist;
				LD_RUNPATH_SEARCH_PATHS = (
					"$(inherited)",
					"@executable_path/Frameworks",
				);
				PRODUCT_BUNDLE_IDENTIFIER = com.donsirivat.FindInspo;
				PRODUCT_NAME = "$(TARGET_NAME)";
				SWIFT_VERSION = 4.0;
				TARGETED_DEVICE_FAMILY = "1,2";
			};
			name = Release;
		};
		95BBCB86210D414E00047CD7 /* Debug */ = {
			isa = XCBuildConfiguration;
			buildSettings = {
				ALWAYS_EMBED_SWIFT_STANDARD_LIBRARIES = YES;
				BUNDLE_LOADER = "$(TEST_HOST)";
				CODE_SIGN_STYLE = Automatic;
				DEVELOPMENT_TEAM = 7BWJ7S75KT;
				INFOPLIST_FILE = FindInspoTests/Info.plist;
				LD_RUNPATH_SEARCH_PATHS = (
					"$(inherited)",
					"@executable_path/Frameworks",
					"@loader_path/Frameworks",
				);
				PRODUCT_BUNDLE_IDENTIFIER = com.donsirivat.FindInspoTests;
				PRODUCT_NAME = "$(TARGET_NAME)";
				SWIFT_VERSION = 4.0;
				TARGETED_DEVICE_FAMILY = "1,2";
				TEST_HOST = "$(BUILT_PRODUCTS_DIR)/FindInspo.app/FindInspo";
			};
			name = Debug;
		};
		95BBCB87210D414E00047CD7 /* Release */ = {
			isa = XCBuildConfiguration;
			buildSettings = {
				ALWAYS_EMBED_SWIFT_STANDARD_LIBRARIES = YES;
				BUNDLE_LOADER = "$(TEST_HOST)";
				CODE_SIGN_STYLE = Automatic;
				DEVELOPMENT_TEAM = 7BWJ7S75KT;
				INFOPLIST_FILE = FindInspoTests/Info.plist;
				LD_RUNPATH_SEARCH_PATHS = (
					"$(inherited)",
					"@executable_path/Frameworks",
					"@loader_path/Frameworks",
				);
				PRODUCT_BUNDLE_IDENTIFIER = com.donsirivat.FindInspoTests;
				PRODUCT_NAME = "$(TARGET_NAME)";
				SWIFT_VERSION = 4.0;
				TARGETED_DEVICE_FAMILY = "1,2";
				TEST_HOST = "$(BUILT_PRODUCTS_DIR)/FindInspo.app/FindInspo";
			};
			name = Release;
		};
		95BBCB89210D414E00047CD7 /* Debug */ = {
			isa = XCBuildConfiguration;
			buildSettings = {
				ALWAYS_EMBED_SWIFT_STANDARD_LIBRARIES = YES;
				CODE_SIGN_STYLE = Automatic;
				DEVELOPMENT_TEAM = 7BWJ7S75KT;
				INFOPLIST_FILE = FindInspoUITests/Info.plist;
				LD_RUNPATH_SEARCH_PATHS = (
					"$(inherited)",
					"@executable_path/Frameworks",
					"@loader_path/Frameworks",
				);
				PRODUCT_BUNDLE_IDENTIFIER = com.donsirivat.FindInspoUITests;
				PRODUCT_NAME = "$(TARGET_NAME)";
				SWIFT_VERSION = 4.0;
				TARGETED_DEVICE_FAMILY = "1,2";
				TEST_TARGET_NAME = FindInspo;
			};
			name = Debug;
		};
		95BBCB8A210D414E00047CD7 /* Release */ = {
			isa = XCBuildConfiguration;
			buildSettings = {
				ALWAYS_EMBED_SWIFT_STANDARD_LIBRARIES = YES;
				CODE_SIGN_STYLE = Automatic;
				DEVELOPMENT_TEAM = 7BWJ7S75KT;
				INFOPLIST_FILE = FindInspoUITests/Info.plist;
				LD_RUNPATH_SEARCH_PATHS = (
					"$(inherited)",
					"@executable_path/Frameworks",
					"@loader_path/Frameworks",
				);
				PRODUCT_BUNDLE_IDENTIFIER = com.donsirivat.FindInspoUITests;
				PRODUCT_NAME = "$(TARGET_NAME)";
				SWIFT_VERSION = 4.0;
				TARGETED_DEVICE_FAMILY = "1,2";
				TEST_TARGET_NAME = FindInspo;
			};
			name = Release;
		};
/* End XCBuildConfiguration section */

/* Begin XCConfigurationList section */
		95BBCB55210D414C00047CD7 /* Build configuration list for PBXProject "FindInspo" */ = {
			isa = XCConfigurationList;
			buildConfigurations = (
				95BBCB80210D414E00047CD7 /* Debug */,
				95BBCB81210D414E00047CD7 /* Release */,
			);
			defaultConfigurationIsVisible = 0;
			defaultConfigurationName = Release;
		};
		95BBCB82210D414E00047CD7 /* Build configuration list for PBXNativeTarget "FindInspo" */ = {
			isa = XCConfigurationList;
			buildConfigurations = (
				95BBCB83210D414E00047CD7 /* Debug */,
				95BBCB84210D414E00047CD7 /* Release */,
			);
			defaultConfigurationIsVisible = 0;
			defaultConfigurationName = Release;
		};
		95BBCB85210D414E00047CD7 /* Build configuration list for PBXNativeTarget "FindInspoTests" */ = {
			isa = XCConfigurationList;
			buildConfigurations = (
				95BBCB86210D414E00047CD7 /* Debug */,
				95BBCB87210D414E00047CD7 /* Release */,
			);
			defaultConfigurationIsVisible = 0;
			defaultConfigurationName = Release;
		};
		95BBCB88210D414E00047CD7 /* Build configuration list for PBXNativeTarget "FindInspoUITests" */ = {
			isa = XCConfigurationList;
			buildConfigurations = (
				95BBCB89210D414E00047CD7 /* Debug */,
				95BBCB8A210D414E00047CD7 /* Release */,
			);
			defaultConfigurationIsVisible = 0;
			defaultConfigurationName = Release;
		};
/* End XCConfigurationList section */
	};
	rootObject = 95BBCB52210D414C00047CD7 /* Project object */;
}
